
Microsoft Visual Studio Solution File, Format Version 12.00
# Visual Studio Version 17
VisualStudioVersion = 17.7.34031.279
MinimumVisualStudioVersion = 10.0.40219.1
Project("{FAE04EC0-301F-11D3-BF4B-00C04F79EFBC}") = "adodemo", "adodemo\adodemo.csproj", "{E67EF2BF-45F2-41AC-ABDB-928DE212202A}"
EndProject
Global
	GlobalSection(SolutionConfigurationPlatforms) = preSolution
		Debug|Any CPU = Debug|Any CPU
		Release|Any CPU = Release|Any CPU
	EndGlobalSection
	GlobalSection(ProjectConfigurationPlatforms) = postSolution
		{E67EF2BF-45F2-41AC-ABDB-928DE212202A}.Debug|Any CPU.ActiveCfg = Debug|Any CPU
		{E67EF2BF-45F2-41AC-ABDB-928DE212202A}.Debug|Any CPU.Build.0 = Debug|Any CPU
		{E67EF2BF-45F2-41AC-ABDB-928DE212202A}.Release|Any CPU.ActiveCfg = Release|Any CPU
		{E67EF2BF-45F2-41AC-ABDB-928DE212202A}.Release|Any CPU.Build.0 = Release|Any CPU
	EndGlobalSection
	GlobalSection(SolutionProperties) = preSolution
		HideSolutionNode = FALSE
	EndGlobalSection
	GlobalSection(ExtensibilityGlobals) = postSolution
		SolutionGuid = {10D7568E-B2DC-4349-A432-7BE86E63A43E}
	EndGlobalSection
EndGlobal
